
Microsoft Visual Studio Solution File, Format Version 12.00
# Visual Studio Version 16
VisualStudioVersion = 16.0.29102.190
MinimumVisualStudioVersion = 10.0.40219.1
Project("{FAE04EC0-301F-11D3-BF4B-00C04F79EFBC}") = "Lab 1 - Polymorphism", "Lab 1 - Polymorphism\Lab 1 - Polymorphism.csproj", "{ABF5B732-FE0E-45CA-AE61-473CF814C431}"
EndProject
Global
	GlobalSection(SolutionConfigurationPlatforms) = preSolution
		Debug|Any CPU = Debug|Any CPU
		Release|Any CPU = Release|Any CPU
	EndGlobalSection
	GlobalSection(ProjectConfigurationPlatforms) = postSolution
		{ABF5B732-FE0E-45CA-AE61-473CF814C431}.Debug|Any CPU.ActiveCfg = Debug|Any CPU
		{ABF5B732-FE0E-45CA-AE61-473CF814C431}.Debug|Any CPU.Build.0 = Debug|Any CPU
		{ABF5B732-FE0E-45CA-AE61-473CF814C431}.Release|Any CPU.ActiveCfg = Release|Any CPU
		{ABF5B732-FE0E-45CA-AE61-473CF814C431}.Release|Any CPU.Build.0 = Release|Any CPU
	EndGlobalSection
	GlobalSection(SolutionProperties) = preSolution
		HideSolutionNode = FALSE
	EndGlobalSection
	GlobalSection(ExtensibilityGlobals) = postSolution
		SolutionGuid = {3FAE7884-8365-4447-B5D6-DEF174EE8494}
	EndGlobalSection
EndGlobal
