
Microsoft Visual Studio Solution File, Format Version 12.00
# Visual Studio Version 16
VisualStudioVersion = 16.0.29102.190
MinimumVisualStudioVersion = 10.0.40219.1
Project("{FAE04EC0-301F-11D3-BF4B-00C04F79EFBC}") = "Lab 1 - Inheritance - Part2", "Lab 1 - Inheritance - Part2\Lab 1 - Inheritance - Part2.csproj", "{EB97E944-20ED-4FAF-B5F4-F6AA3D87C903}"
EndProject
Global
	GlobalSection(SolutionConfigurationPlatforms) = preSolution
		Debug|Any CPU = Debug|Any CPU
		Release|Any CPU = Release|Any CPU
	EndGlobalSection
	GlobalSection(ProjectConfigurationPlatforms) = postSolution
		{EB97E944-20ED-4FAF-B5F4-F6AA3D87C903}.Debug|Any CPU.ActiveCfg = Debug|Any CPU
		{EB97E944-20ED-4FAF-B5F4-F6AA3D87C903}.Debug|Any CPU.Build.0 = Debug|Any CPU
		{EB97E944-20ED-4FAF-B5F4-F6AA3D87C903}.Release|Any CPU.ActiveCfg = Release|Any CPU
		{EB97E944-20ED-4FAF-B5F4-F6AA3D87C903}.Release|Any CPU.Build.0 = Release|Any CPU
	EndGlobalSection
	GlobalSection(SolutionProperties) = preSolution
		HideSolutionNode = FALSE
	EndGlobalSection
	GlobalSection(ExtensibilityGlobals) = postSolution
		SolutionGuid = {E0A40526-A707-4C4F-A35B-B5317F3C59F6}
	EndGlobalSection
EndGlobal
